lockfileVersion: '9.0'

settings:
  autoInstallPeers: true
  excludeLinksFromLockfile: false

importers:

  .:
    devDependencies:
      '@biomejs/biome':
        specifier: ^2.5.8
        version: 2.5.8
      dprint:
        specifier: ^0.55.2
        version: 0.55.2

packages:

  '@biomejs/biome@2.5.8':
    resolution: {integrity: sha512-aeAeeJB9fSDc7Gq+2GqpQxA0qBj6gj1k2R6L1cYqGePKP/baIq1WX8y6B+D+nRsO5ViQL22K/8IwbqERW0q1nw==}
    engines: {node: '>=14.21.3'}
    hasBin: true

  '@biomejs/cli-darwin-arm64@2.5.8':
    resolution: {integrity: sha512-mk1QON9PHllvvLN5gU3f4rMxeh4syK5p9OvKyWH6/W8ueh04uaC8TUXXByhGufWf/y5mQc03ZLM45zU+cmqMjA==}
    engines: {node: '>=14.21.3'}
    cpu: [arm64]
    os: [darwin]

  '@biomejs/cli-darwin-x64@2.5.8':
    resolution: {integrity: sha512-bsGwFMBNyHPyiLSsQcZJxdoRrg1V4JL+d7wEsvUBczlP9U9lwM+7mzQHxI4o1mhBsTmdOBbAb6fHU3Z3snN45w==}
    engines: {node: '>=14.21.3'}
    cpu: [x64]
    os: [darwin]

  '@biomejs/cli-linux-arm64-musl@2.5.8':
    resolution: {integrity: sha512-VcJNbstduTHx83NGAdhp78/JOcP45BZHXL7yNsfI1uGzdUgegAz2s+mSoT7wK6PBNzLoqG0zDOXaz/RQYVtSiw==}
    engines: {node: '>=14.21.3'}
    cpu: [arm64]
    os: [linux]
    libc: [musl]

  '@biomejs/cli-linux-arm64@2.5.8':
    resolution: {integrity: sha512-XmFiA0WPYFC+uiUDC8WRFzAIH9bo7vwQLav38Uoq4ETC+T/+uBi0TsYGJECkugY3r8USl3jc+Ae2/irAF6F2lQ==}
    engines: {node: '>=14.21.3'}
    cpu: [arm64]
    os: [linux]
    libc: [glibc]

  '@biomejs/cli-linux-x64-musl@2.5.8':
    resolution: {integrity: sha512-kKmiyokeISRGq2FLwvr+TzsgBusfxaZ0FZNLcOYOpCK/78tRrEjeEBLvq3xLZMpqbANgJdRPI7vZX8ZL37u9/w==}
    engines: {node: '>=14.21.3'}
    cpu: [x64]
    os: [linux]
    libc: [musl]

  '@biomejs/cli-linux-x64@2.5.8':
    resolution: {integrity: sha512-S5wcm9OBDvLHodD4PUaN488hCpco9QD/9ZxuYJiw4euWtr/oQvLR72z2ixItH8Wd5BCm6FZaeb+YNvOoM1xHtQ==}
    engines: {node: '>=14.21.3'}
    cpu: [x64]
    os: [linux]
    libc: [glibc]

  '@biomejs/cli-win32-arm64@2.5.8':
    resolution: {integrity: sha512-nILH0mzm3Hi3iEdd7o7GpB8kBR/mSQwfQG/tyBqyNrY2GFtcgwfV9nV8xLmbtUpMNY/Oi0Ml1XgfR4flOdq+AA==}
    engines: {node: '>=14.21.3'}
    cpu: [arm64]
    os: [win32]

  '@biomejs/cli-win32-x64@2.5.8':
    resolution: {integrity: sha512-I2czzXTY61f3nFJxXoMDq80t7MivxDEnCjE+8sDKoFfcKMaoQdkqhIFQ3KyY0XLzeSpUBYeNAXgD+iOV/BU0VA==}
    engines: {node: '>=14.21.3'}
    cpu: [x64]
    os: [win32]

  '@dprint/android-arm64@0.55.2':
    resolution: {integrity: sha512-cywqM0E2h8lCA/b5BMFcuascaGuekm2lnyKb5hRH9juKbsqKeR8A7qf2p3nVWRQ8cM7djOnQwhy8ecQ3qd6j9A==}
    cpu: [arm64]
    os: [android]

  '@dprint/android-x64@0.55.2':
    resolution: {integrity: sha512-BvcqquD94dSYQP2FzBuojU/8vITpwz80uAkub2xCCx5g7zYdUZ98tK+N3GKfRS5AUJ1LpRPJgbO09rRLEo8leA==}
    cpu: [x64]
    os: [android]

  '@dprint/darwin-arm64@0.55.2':
    resolution: {integrity: sha512-HjzasuPaC0EBHxEpS3Px/OPcxqZYln37xuAyYE0GFAhDuaotZEUpM8VE05Tzo4E32y7LKgLPT8CZVtEG5Ck7mQ==}
    cpu: [arm64]
    os: [darwin]

  '@dprint/darwin-x64@0.55.2':
    resolution: {integrity: sha512-7XSF9XERvimg3XakXNlJRpJM9an5HKibWWShwCJr7Dz1Xp7P3pomjx9AtYV5EeD49GXu9FKdFfDiTC4BJtAVjA==}
    cpu: [x64]
    os: [darwin]

  '@dprint/linux-arm64-glibc@0.55.2':
    resolution: {integrity: sha512-2h5oe4tHGXJOTLU5BxVJLGPP1qQQxxECdjUaRkLxGn2rZIEf/7HwoJ+TjwMUaIVg4QxAFxfiMJJ3MRZjumJpsg==}
    cpu: [arm64]
    os: [linux]
    libc: [glibc]

  '@dprint/linux-arm64-musl@0.55.2':
    resolution: {integrity: sha512-Z1X9mNLHWoSI7CHz888H2w27IV2UQ5lL/YbTwgguJM9ApLgvkMer5qr4pLlXF6vEY3+Rm0445eo3uojbjE7PTw==}
    cpu: [arm64]
    os: [linux]
    libc: [musl]

  '@dprint/linux-loong64-glibc@0.55.2':
    resolution: {integrity: sha512-qxk4Cg/SjO14DALoG1MFZL+n6pEvCyd7VDHg1cQIpp82mZ+wtRaWkJqSaItWj12x8jihA32wAoQ/8OHz+5FFsQ==}
    cpu: [loong64]
    os: [linux]
    libc: [glibc]

  '@dprint/linux-loong64-musl@0.55.2':
    resolution: {integrity: sha512-Mr+kRdZnxhUHBmhhADkYOo1g81PYvbh7eBo+lpMStgIvL/5Z93mGAcp/1NFcpeN02pilaI1N59awV08ApJ19cA==}
    cpu: [loong64]
    os: [linux]
    libc: [musl]

  '@dprint/linux-ppc64-glibc@0.55.2':
    resolution: {integrity: sha512-C8XEL3f3yg+MWZD4qlot+ibJ0GDPvCT5jq9ErwPdKteyIPpe6IPSqiEApYSQ194Q7audL8rgS0WdJsW4HNVhmw==}
    cpu: [ppc64]
    os: [linux]
    libc: [glibc]

  '@dprint/linux-ppc64-musl@0.55.2':
    resolution: {integrity: sha512-tSGe4bTmL5/EhNH38baCKWBGxOXVB0M5Loxnpls7wsQjuLpzWnzDCw4wiO3C7PrKLbAe4sJUWhbgdDXa3TJ2eQ==}
    cpu: [ppc64]
    os: [linux]
    libc: [musl]

  '@dprint/linux-riscv64-glibc@0.55.2':
    resolution: {integrity: sha512-gSaoq9e3vGTfYm5jcEd86YysFsp8OJF/CGZgBzNNu3NSjLEs8VVgTObDxQI+U7ex2mA17lbpWyr3diejaaK+bg==}
    cpu: [riscv64]
    os: [linux]
    libc: [glibc]

  '@dprint/linux-x64-glibc@0.55.2':
    resolution: {integrity: sha512-GBLWjuqTT5OGbqh2gQENQihhfRn/AjdDu2SVwjmbZcOFR80HMppIfFrIIolBB3FLyrZk+M8rMk8EAo0tQ3PAXw==}
    cpu: [x64]
    os: [linux]
    libc: [glibc]

  '@dprint/linux-x64-musl@0.55.2':
    resolution: {integrity: sha512-GZEUpmtxCOiauRtqOqT/erAjy2ws8dOxx7oQJFf9g5bypisuapwymvr7fUVVb8nqccFqjx7E5kN4IxKDlzntHA==}
    cpu: [x64]
    os: [linux]
    libc: [musl]

  '@dprint/win32-arm64@0.55.2':
    resolution: {integrity: sha512-dxDdxU4a6wQ4K0omdAxW7o0mUdOI03z0/Ah3N6O9Ja7wAMQI5sbfzq7DOJ739UVXtHSB4zBTtYuk1MrBOIyVQQ==}
    cpu: [arm64]
    os: [win32]

  '@dprint/win32-x64@0.55.2':
    resolution: {integrity: sha512-UTiDSShHbrkx+z719/MffgwGYD8PaypdVmG4vVJVjmF5Hoin6EfugHhSoBf8+G6U9rF+uDIIl0idZq+6Bifzwg==}
    cpu: [x64]
    os: [win32]

  dprint@0.55.2:
    resolution: {integrity: sha512-1d4D4SB9KiD2qFnBWbl3aoYjLvPVpZoth28yxTT00xJv2yXugdz0Xoyv7sGG0w0hzE6hQZMgd6B333GnySDpGQ==}
    hasBin: true

snapshots:

  '@biomejs/biome@2.5.8':
    optionalDependencies:
      '@biomejs/cli-darwin-arm64': 2.5.8
      '@biomejs/cli-darwin-x64': 2.5.8
      '@biomejs/cli-linux-arm64': 2.5.8
      '@biomejs/cli-linux-arm64-musl': 2.5.8
      '@biomejs/cli-linux-x64': 2.5.8
      '@biomejs/cli-linux-x64-musl': 2.5.8
      '@biomejs/cli-win32-arm64': 2.5.8
      '@biomejs/cli-win32-x64': 2.5.8

  '@biomejs/cli-darwin-arm64@2.5.8':
    optional: true

  '@biomejs/cli-darwin-x64@2.5.8':
    optional: true

  '@biomejs/cli-linux-arm64-musl@2.5.8':
    optional: true

  '@biomejs/cli-linux-arm64@2.5.8':
    optional: true

  '@biomejs/cli-linux-x64-musl@2.5.8':
    optional: true

  '@biomejs/cli-linux-x64@2.5.8':
    optional: true

  '@biomejs/cli-win32-arm64@2.5.8':
    optional: true

  '@biomejs/cli-win32-x64@2.5.8':
    optional: true

  '@dprint/android-arm64@0.55.2':
    optional: true

  '@dprint/android-x64@0.55.2':
    optional: true

  '@dprint/darwin-arm64@0.55.2':
    optional: true

  '@dprint/darwin-x64@0.55.2':
    optional: true

  '@dprint/linux-arm64-glibc@0.55.2':
    optional: true

  '@dprint/linux-arm64-musl@0.55.2':
    optional: true

  '@dprint/linux-loong64-glibc@0.55.2':
    optional: true

  '@dprint/linux-loong64-musl@0.55.2':
    optional: true

  '@dprint/linux-ppc64-glibc@0.55.2':
    optional: true

  '@dprint/linux-ppc64-musl@0.55.2':
    optional: true

  '@dprint/linux-riscv64-glibc@0.55.2':
    optional: true

  '@dprint/linux-x64-glibc@0.55.2':
    optional: true

  '@dprint/linux-x64-musl@0.55.2':
    optional: true

  '@dprint/win32-arm64@0.55.2':
    optional: true

  '@dprint/win32-x64@0.55.2':
    optional: true

  dprint@0.55.2:
    optionalDependencies:
      '@dprint/android-arm64': 0.55.2
      '@dprint/android-x64': 0.55.2
      '@dprint/darwin-arm64': 0.55.2
      '@dprint/darwin-x64': 0.55.2
      '@dprint/linux-arm64-glibc': 0.55.2
      '@dprint/linux-arm64-musl': 0.55.2
      '@dprint/linux-loong64-glibc': 0.55.2
      '@dprint/linux-loong64-musl': 0.55.2
      '@dprint/linux-ppc64-glibc': 0.55.2
      '@dprint/linux-ppc64-musl': 0.55.2
      '@dprint/linux-riscv64-glibc': 0.55.2
      '@dprint/linux-x64-glibc': 0.55.2
      '@dprint/linux-x64-musl': 0.55.2
      '@dprint/win32-arm64': 0.55.2
      '@dprint/win32-x64': 0.55.2
