lockfileVersion: '9.0'

settings:
  autoInstallPeers: true
  excludeLinksFromLockfile: false

importers:

  .:
    devDependencies:
      '@biomejs/biome':
        specifier: ^2.5.8
        version: 2.5.8
      dprint:
        specifier: ^0.57.0
        version: 0.57.0

packages:

  '@biomejs/biome@2.5.8':
    resolution: {integrity: sha512-aeAeeJB9fSDc7Gq+2GqpQxA0qBj6gj1k2R6L1cYqGePKP/baIq1WX8y6B+D+nRsO5ViQL22K/8IwbqERW0q1nw==}
    engines: {node: '>=14.21.3'}
    hasBin: true

  '@biomejs/cli-darwin-arm64@2.5.8':
    resolution: {integrity: sha512-mk1QON9PHllvvLN5gU3f4rMxeh4syK5p9OvKyWH6/W8ueh04uaC8TUXXByhGufWf/y5mQc03ZLM45zU+cmqMjA==}
    engines: {node: '>=14.21.3'}
    cpu: [arm64]
    os: [darwin]

  '@biomejs/cli-darwin-x64@2.5.8':
    resolution: {integrity: sha512-bsGwFMBNyHPyiLSsQcZJxdoRrg1V4JL+d7wEsvUBczlP9U9lwM+7mzQHxI4o1mhBsTmdOBbAb6fHU3Z3snN45w==}
    engines: {node: '>=14.21.3'}
    cpu: [x64]
    os: [darwin]

  '@biomejs/cli-linux-arm64-musl@2.5.8':
    resolution: {integrity: sha512-VcJNbstduTHx83NGAdhp78/JOcP45BZHXL7yNsfI1uGzdUgegAz2s+mSoT7wK6PBNzLoqG0zDOXaz/RQYVtSiw==}
    engines: {node: '>=14.21.3'}
    cpu: [arm64]
    os: [linux]
    libc: [musl]

  '@biomejs/cli-linux-arm64@2.5.8':
    resolution: {integrity: sha512-XmFiA0WPYFC+uiUDC8WRFzAIH9bo7vwQLav38Uoq4ETC+T/+uBi0TsYGJECkugY3r8USl3jc+Ae2/irAF6F2lQ==}
    engines: {node: '>=14.21.3'}
    cpu: [arm64]
    os: [linux]
    libc: [glibc]

  '@biomejs/cli-linux-x64-musl@2.5.8':
    resolution: {integrity: sha512-kKmiyokeISRGq2FLwvr+TzsgBusfxaZ0FZNLcOYOpCK/78tRrEjeEBLvq3xLZMpqbANgJdRPI7vZX8ZL37u9/w==}
    engines: {node: '>=14.21.3'}
    cpu: [x64]
    os: [linux]
    libc: [musl]

  '@biomejs/cli-linux-x64@2.5.8':
    resolution: {integrity: sha512-S5wcm9OBDvLHodD4PUaN488hCpco9QD/9ZxuYJiw4euWtr/oQvLR72z2ixItH8Wd5BCm6FZaeb+YNvOoM1xHtQ==}
    engines: {node: '>=14.21.3'}
    cpu: [x64]
    os: [linux]
    libc: [glibc]

  '@biomejs/cli-win32-arm64@2.5.8':
    resolution: {integrity: sha512-nILH0mzm3Hi3iEdd7o7GpB8kBR/mSQwfQG/tyBqyNrY2GFtcgwfV9nV8xLmbtUpMNY/Oi0Ml1XgfR4flOdq+AA==}
    engines: {node: '>=14.21.3'}
    cpu: [arm64]
    os: [win32]

  '@biomejs/cli-win32-x64@2.5.8':
    resolution: {integrity: sha512-I2czzXTY61f3nFJxXoMDq80t7MivxDEnCjE+8sDKoFfcKMaoQdkqhIFQ3KyY0XLzeSpUBYeNAXgD+iOV/BU0VA==}
    engines: {node: '>=14.21.3'}
    cpu: [x64]
    os: [win32]

  '@dprint/android-arm64@0.57.0':
    resolution: {integrity: sha512-QJQhwiZ/gx/4UG/GuayTKC76wUsOnozudfCozRTHkIMpP9N9+fcTyz+hDMNttyFP8Hun+LkGGbgUwbEtbZ3ATA==}
    cpu: [arm64]
    os: [android]

  '@dprint/android-x64@0.57.0':
    resolution: {integrity: sha512-c2hwDo/iwxdmhMvPuN5ZlbD+eVUioFYHJQATydN/aVaHq8wG3oW1NBcD+RNQzW9bgzzxu+XnPcFIhhujYMiYyA==}
    cpu: [x64]
    os: [android]

  '@dprint/darwin-arm64@0.57.0':
    resolution: {integrity: sha512-U46v7BN/vTJZ4/9CIHWqbPXBFhE/Y0a/xx5IkHSI90tti5PAKxMfhiDxS5GrDwNujhW2rwY8wvKLTYlxB5mBNA==}
    cpu: [arm64]
    os: [darwin]

  '@dprint/darwin-x64@0.57.0':
    resolution: {integrity: sha512-cd8XaGKQPRP/W60nKmO3m3WpHNtgEQO1lAAYtt7D8RIOQ11L/AYrUGMJc65Cy1sCBcIVVe3lQviWU28bzUaoSQ==}
    cpu: [x64]
    os: [darwin]

  '@dprint/linux-arm64-glibc@0.57.0':
    resolution: {integrity: sha512-TT03L1lcjyVaAqKi3BYn9wD0oUf4D0PxZzhYPm+Y16by3pExMxWPPMJwFIjhprjZAbmWyI+UH6804RwMGzeQhw==}
    cpu: [arm64]
    os: [linux]
    libc: [glibc]

  '@dprint/linux-arm64-musl@0.57.0':
    resolution: {integrity: sha512-pOby7Gz3U5G3EidiyjSsNSxOvSzPb4ZelCzBg1MAkGacXLCv9ThNvgEhHHs2FZdzJDPGvRdtGQZgkmQPPP4cVA==}
    cpu: [arm64]
    os: [linux]
    libc: [musl]

  '@dprint/linux-loong64-glibc@0.57.0':
    resolution: {integrity: sha512-5nxqqfZ8bQekrj26MBIC4H0cNRSEp8k+ydluToB6eHRc0FH3ngSDxYsbjBa3QINnm0NTrnIC4DIv//JJU32r1Q==}
    cpu: [loong64]
    os: [linux]
    libc: [glibc]

  '@dprint/linux-loong64-musl@0.57.0':
    resolution: {integrity: sha512-3jFW9VSU6hn+9I3yBEQpNGApVKWWpQfi62nlTv8G/gtolz8pP+VkekIEZOldavgyeXRRtdw//fZ7zjQpeFH2eA==}
    cpu: [loong64]
    os: [linux]
    libc: [musl]

  '@dprint/linux-ppc64-glibc@0.57.0':
    resolution: {integrity: sha512-FamdnzmIeTnwUFN9MiMCU2l9VK+hXN/r0DXGTYL7KJNTzFUcZcqPnNcJDqphEXkBVXTd0qp5VLHE8W7COCkt6g==}
    cpu: [ppc64]
    os: [linux]
    libc: [glibc]

  '@dprint/linux-ppc64-musl@0.57.0':
    resolution: {integrity: sha512-hzEPSZv7DU2U6+yQjUX63wGB1iF6t3RyiVjMnB4wsfW9fR2z7pylHwYxIYb7FAV7fprII4b7ospK5tNWWyqsBQ==}
    cpu: [ppc64]
    os: [linux]
    libc: [musl]

  '@dprint/linux-riscv64-glibc@0.57.0':
    resolution: {integrity: sha512-DXGY+3WKu0HtdBsgvkKWPTLkbJ8RtQCIUIq+v8dKtD0JuoawGeaqhffAqy5nZ7+flJK+PMaws9TcO9ujiDI4qw==}
    cpu: [riscv64]
    os: [linux]
    libc: [glibc]

  '@dprint/linux-x64-glibc@0.57.0':
    resolution: {integrity: sha512-Kk/CD2uaFqvXxp7h9JDGDeew6oJgLFQBaS6UFXfAaFBiGlt2KpJR9ItY6GQsiWFloAmJ6lJuzDxK2SO6A6yK+w==}
    cpu: [x64]
    os: [linux]
    libc: [glibc]

  '@dprint/linux-x64-musl@0.57.0':
    resolution: {integrity: sha512-/QXScBA3Cz2xB6V98xXAxjsKl7Xu+2A69W5qj21eM13fNEj1TauBjsEYY3fb9/mymp93E1QSpAkkJI2bQD6XiQ==}
    cpu: [x64]
    os: [linux]
    libc: [musl]

  '@dprint/win32-arm64@0.57.0':
    resolution: {integrity: sha512-aQ59I3BoshAZakIp3KXifu1c5eueE16TwsHeOTpJSw/TgE35nntkbA8PgH5HLtYjQLcJwYfgdZEDC4Bfq3yE9Q==}
    cpu: [arm64]
    os: [win32]

  '@dprint/win32-x64@0.57.0':
    resolution: {integrity: sha512-hNj0UJMm4zQ2tggC7ZhbfoH0iCYGNoUZp0SrRCmVfZn+YDYXNHkeacyucYLasNdw/Zwa07YshmMpUgyl/XOZ9Q==}
    cpu: [x64]
    os: [win32]

  dprint@0.57.0:
    resolution: {integrity: sha512-yuEuexxsjdKbA3agdXLH3Y4w336YJV7EX0/9NqqLm9LHYW99PoIHIy5dQLwCxWkOpWc97R28xchrpqTd7tgmgA==}
    hasBin: true

snapshots:

  '@biomejs/biome@2.5.8':
    optionalDependencies:
      '@biomejs/cli-darwin-arm64': 2.5.8
      '@biomejs/cli-darwin-x64': 2.5.8
      '@biomejs/cli-linux-arm64': 2.5.8
      '@biomejs/cli-linux-arm64-musl': 2.5.8
      '@biomejs/cli-linux-x64': 2.5.8
      '@biomejs/cli-linux-x64-musl': 2.5.8
      '@biomejs/cli-win32-arm64': 2.5.8
      '@biomejs/cli-win32-x64': 2.5.8

  '@biomejs/cli-darwin-arm64@2.5.8':
    optional: true

  '@biomejs/cli-darwin-x64@2.5.8':
    optional: true

  '@biomejs/cli-linux-arm64-musl@2.5.8':
    optional: true

  '@biomejs/cli-linux-arm64@2.5.8':
    optional: true

  '@biomejs/cli-linux-x64-musl@2.5.8':
    optional: true

  '@biomejs/cli-linux-x64@2.5.8':
    optional: true

  '@biomejs/cli-win32-arm64@2.5.8':
    optional: true

  '@biomejs/cli-win32-x64@2.5.8':
    optional: true

  '@dprint/android-arm64@0.57.0':
    optional: true

  '@dprint/android-x64@0.57.0':
    optional: true

  '@dprint/darwin-arm64@0.57.0':
    optional: true

  '@dprint/darwin-x64@0.57.0':
    optional: true

  '@dprint/linux-arm64-glibc@0.57.0':
    optional: true

  '@dprint/linux-arm64-musl@0.57.0':
    optional: true

  '@dprint/linux-loong64-glibc@0.57.0':
    optional: true

  '@dprint/linux-loong64-musl@0.57.0':
    optional: true

  '@dprint/linux-ppc64-glibc@0.57.0':
    optional: true

  '@dprint/linux-ppc64-musl@0.57.0':
    optional: true

  '@dprint/linux-riscv64-glibc@0.57.0':
    optional: true

  '@dprint/linux-x64-glibc@0.57.0':
    optional: true

  '@dprint/linux-x64-musl@0.57.0':
    optional: true

  '@dprint/win32-arm64@0.57.0':
    optional: true

  '@dprint/win32-x64@0.57.0':
    optional: true

  dprint@0.57.0:
    optionalDependencies:
      '@dprint/android-arm64': 0.57.0
      '@dprint/android-x64': 0.57.0
      '@dprint/darwin-arm64': 0.57.0
      '@dprint/darwin-x64': 0.57.0
      '@dprint/linux-arm64-glibc': 0.57.0
      '@dprint/linux-arm64-musl': 0.57.0
      '@dprint/linux-loong64-glibc': 0.57.0
      '@dprint/linux-loong64-musl': 0.57.0
      '@dprint/linux-ppc64-glibc': 0.57.0
      '@dprint/linux-ppc64-musl': 0.57.0
      '@dprint/linux-riscv64-glibc': 0.57.0
      '@dprint/linux-x64-glibc': 0.57.0
      '@dprint/linux-x64-musl': 0.57.0
      '@dprint/win32-arm64': 0.57.0
      '@dprint/win32-x64': 0.57.0
