lockfileVersion: '9.0'

settings:
  autoInstallPeers: true
  excludeLinksFromLockfile: false

overrides:
  fast-xml-parser: ^5.10.1
  uuid: ^14.0.1
  brace-expansion@5: 5.0.9
  js-yaml@3: 3.15.1
  js-yaml@4: 4.3.1
  nanoid@3: ^3.3.17
  fast-uri@3.1.4: ^3.1.5
  postcss@8.4.49: 8.5.25
  semver@7.3.2: 7.5.3
  send@0.18.0: 0.19.2
  '@xmldom/xmldom@0.7.13': 0.9.10
  brace-expansion@1.1.17: 1.1.18
  tar@6.2.1: ^7.5.22

importers:

  .:
    devDependencies:
      '@biomejs/biome':
        specifier: ^1.9.4
        version: 1.9.4
      dprint:
        specifier: ^0.47.2
        version: 0.47.6

packages:

  '@biomejs/biome@1.9.4':
    resolution: {integrity: sha512-1rkd7G70+o9KkTn5KLmDYXihGoTaIGO9PIIN2ZB7UJxFrWw04CZHPYiMRjYsaDvVV7hP1dYNRLxSANLaBFGpog==}
    engines: {node: '>=14.21.3'}
    hasBin: true

  '@biomejs/cli-darwin-arm64@1.9.4':
    resolution: {integrity: sha512-bFBsPWrNvkdKrNCYeAp+xo2HecOGPAy9WyNyB/jKnnedgzl4W4Hb9ZMzYNbf8dMCGmUdSavlYHiR01QaYR58cw==}
    engines: {node: '>=14.21.3'}
    cpu: [arm64]
    os: [darwin]

  '@biomejs/cli-darwin-x64@1.9.4':
    resolution: {integrity: sha512-ngYBh/+bEedqkSevPVhLP4QfVPCpb+4BBe2p7Xs32dBgs7rh9nY2AIYUL6BgLw1JVXV8GlpKmb/hNiuIxfPfZg==}
    engines: {node: '>=14.21.3'}
    cpu: [x64]
    os: [darwin]

  '@biomejs/cli-linux-arm64-musl@1.9.4':
    resolution: {integrity: sha512-v665Ct9WCRjGa8+kTr0CzApU0+XXtRgwmzIf1SeKSGAv+2scAlW6JR5PMFo6FzqqZ64Po79cKODKf3/AAmECqA==}
    engines: {node: '>=14.21.3'}
    cpu: [arm64]
    os: [linux]
    libc: [musl]

  '@biomejs/cli-linux-arm64@1.9.4':
    resolution: {integrity: sha512-fJIW0+LYujdjUgJJuwesP4EjIBl/N/TcOX3IvIHJQNsAqvV2CHIogsmA94BPG6jZATS4Hi+xv4SkBBQSt1N4/g==}
    engines: {node: '>=14.21.3'}
    cpu: [arm64]
    os: [linux]
    libc: [glibc]

  '@biomejs/cli-linux-x64-musl@1.9.4':
    resolution: {integrity: sha512-gEhi/jSBhZ2m6wjV530Yy8+fNqG8PAinM3oV7CyO+6c3CEh16Eizm21uHVsyVBEB6RIM8JHIl6AGYCv6Q6Q9Tg==}
    engines: {node: '>=14.21.3'}
    cpu: [x64]
    os: [linux]
    libc: [musl]

  '@biomejs/cli-linux-x64@1.9.4':
    resolution: {integrity: sha512-lRCJv/Vi3Vlwmbd6K+oQ0KhLHMAysN8lXoCI7XeHlxaajk06u7G+UsFSO01NAs5iYuWKmVZjmiOzJ0OJmGsMwg==}
    engines: {node: '>=14.21.3'}
    cpu: [x64]
    os: [linux]
    libc: [glibc]

  '@biomejs/cli-win32-arm64@1.9.4':
    resolution: {integrity: sha512-tlbhLk+WXZmgwoIKwHIHEBZUwxml7bRJgk0X2sPyNR3S93cdRq6XulAZRQJ17FYGGzWne0fgrXBKpl7l4M87Hg==}
    engines: {node: '>=14.21.3'}
    cpu: [arm64]
    os: [win32]

  '@biomejs/cli-win32-x64@1.9.4':
    resolution: {integrity: sha512-8Y5wMhVIPaWe6jw2H+KlEm4wP/f7EW3810ZLmDlrEEy5KvBsb9ECEfu/kMWD484ijfQ8+nIi0giMgu9g1UAuuA==}
    engines: {node: '>=14.21.3'}
    cpu: [x64]
    os: [win32]

  '@dprint/darwin-arm64@0.47.6':
    resolution: {integrity: sha512-DrtKVOH7Ue6QYsqsUfUwBlTkSZNF2j35xqyI6KimUT1ulgUPocLG53JC/Aej9KuSCPmt4M3J40xxPKRgIM4jPA==}
    cpu: [arm64]
    os: [darwin]

  '@dprint/darwin-x64@0.47.6':
    resolution: {integrity: sha512-p16a4lMbAo4RngbNTAmtREnIRI/cOcZFy5wHPIzbCDnnHI+4UyHiAypTrpF8U8EYx1tw3hgih2MyAuupa9Gfag==}
    cpu: [x64]
    os: [darwin]

  '@dprint/linux-arm64-glibc@0.47.6':
    resolution: {integrity: sha512-WHphnk0oXpNzwJ9cjbddOL+hEZkXTvHxcA2pM1h1kWCBa5m+4qh0fg8YCktckMfHx1qdQuZYWRoT4l7yQbzWYA==}
    cpu: [arm64]
    os: [linux]
    libc: [glibc]

  '@dprint/linux-arm64-musl@0.47.6':
    resolution: {integrity: sha512-/2cSPudajg8J0U69ldNZkJx5QiKZNh+ohNVM9leWZ8v6GXN6sJDHX3T6hzS3ohIb03YOCiLOrJZDy9j3+fSgdQ==}
    cpu: [arm64]
    os: [linux]
    libc: [musl]

  '@dprint/linux-riscv64-glibc@0.47.6':
    resolution: {integrity: sha512-RMHJ3Zuzpls426upHlAveVwlGMi8oBLzhiCauyC/yWQl3CkGTAYdyhEpGnux0+RxacysfIL2bd8ourx4K0Sx3w==}
    cpu: [riscv64]
    os: [linux]
    libc: [glibc]

  '@dprint/linux-x64-glibc@0.47.6':
    resolution: {integrity: sha512-4zbVsx/a8lHkRyAjfW0PNlN5IMwOJfFapgXNYJowWNO7X3j3m1jYJWovjmdZls+d6pDeOHoanMWtq95wd7zTeQ==}
    cpu: [x64]
    os: [linux]
    libc: [glibc]

  '@dprint/linux-x64-musl@0.47.6':
    resolution: {integrity: sha512-0C13t4OVzomgQjvUyD5IrRyjLDhGuOtqMo00uJlwn3QHucfgOBqkjyQ5fq7T6+grBse0m14/EWblvSbYkZpyDw==}
    cpu: [x64]
    os: [linux]
    libc: [musl]

  '@dprint/win32-arm64@0.47.6':
    resolution: {integrity: sha512-UOkeFMBdGIuGNwfkrJdVM9eNiRMdbZRRGVy0Cdo2AXn/FCDVqZ74KJkvYVcoUE27GCytHi4Sp1s4at7659WCOw==}
    cpu: [arm64]
    os: [win32]

  '@dprint/win32-x64@0.47.6':
    resolution: {integrity: sha512-i9xwXR8V8Jk/wU1gsYKx15eb0ypBRbRZFkHsnHfC0ZBimcfEOibGnGcfv+UCUcumXtnV46TnBqaJW7H70J1J+A==}
    cpu: [x64]
    os: [win32]

  dprint@0.47.6:
    resolution: {integrity: sha512-vCQC+IMHVZbISA5pxEj+yshQbozmQoVFA4lzcLlqJ8rzIAH8U+1DKvesN/2Uv3Bqz6rMW6W4WY7pYJQljmiZ8w==}
    hasBin: true

snapshots:

  '@biomejs/biome@1.9.4':
    optionalDependencies:
      '@biomejs/cli-darwin-arm64': 1.9.4
      '@biomejs/cli-darwin-x64': 1.9.4
      '@biomejs/cli-linux-arm64': 1.9.4
      '@biomejs/cli-linux-arm64-musl': 1.9.4
      '@biomejs/cli-linux-x64': 1.9.4
      '@biomejs/cli-linux-x64-musl': 1.9.4
      '@biomejs/cli-win32-arm64': 1.9.4
      '@biomejs/cli-win32-x64': 1.9.4

  '@biomejs/cli-darwin-arm64@1.9.4':
    optional: true

  '@biomejs/cli-darwin-x64@1.9.4':
    optional: true

  '@biomejs/cli-linux-arm64-musl@1.9.4':
    optional: true

  '@biomejs/cli-linux-arm64@1.9.4':
    optional: true

  '@biomejs/cli-linux-x64-musl@1.9.4':
    optional: true

  '@biomejs/cli-linux-x64@1.9.4':
    optional: true

  '@biomejs/cli-win32-arm64@1.9.4':
    optional: true

  '@biomejs/cli-win32-x64@1.9.4':
    optional: true

  '@dprint/darwin-arm64@0.47.6':
    optional: true

  '@dprint/darwin-x64@0.47.6':
    optional: true

  '@dprint/linux-arm64-glibc@0.47.6':
    optional: true

  '@dprint/linux-arm64-musl@0.47.6':
    optional: true

  '@dprint/linux-riscv64-glibc@0.47.6':
    optional: true

  '@dprint/linux-x64-glibc@0.47.6':
    optional: true

  '@dprint/linux-x64-musl@0.47.6':
    optional: true

  '@dprint/win32-arm64@0.47.6':
    optional: true

  '@dprint/win32-x64@0.47.6':
    optional: true

  dprint@0.47.6:
    optionalDependencies:
      '@dprint/darwin-arm64': 0.47.6
      '@dprint/darwin-x64': 0.47.6
      '@dprint/linux-arm64-glibc': 0.47.6
      '@dprint/linux-arm64-musl': 0.47.6
      '@dprint/linux-riscv64-glibc': 0.47.6
      '@dprint/linux-x64-glibc': 0.47.6
      '@dprint/linux-x64-musl': 0.47.6
      '@dprint/win32-arm64': 0.47.6
      '@dprint/win32-x64': 0.47.6
